// !$*UTF8*$!
{
	archiveVersion = 1;
	classes = {
	};
	objectVersion = 55;
	objects = {

/* Begin PBXBuildFile section */
		9842459E28B503E1006C394B /* AppDelegate.swift in Sources */ = {isa = PBXBuildFile; fileRef = 9842459D28B503E1006C394B /* AppDelegate.swift */; };
		984245A028B503E1006C394B /* SceneDelegate.swift in Sources */ = {isa = PBXBuildFile; fileRef = 9842459F28B503E1006C394B /* SceneDelegate.swift */; };
		984245A728B503E4006C394B /* Assets.xcassets in Resources */ = {isa = PBXBuildFile; fileRef = 984245A628B503E4006C394B /* Assets.xcassets */; };
		984245AA28B503E4006C394B /* LaunchScreen.storyboard in Resources */ = {isa = PBXBuildFile; fileRef = 984245A828B503E4006C394B /* LaunchScreen.storyboard */; };
		984245B528B503E4006C394B /* mobileTestTests.swift in Sources */ = {isa = PBXBuildFile; fileRef = 984245B428B503E4006C394B /* mobileTestTests.swift */; };
		984245BF28B503E4006C394B /* mobileTestUITests.swift in Sources */ = {isa = PBXBuildFile; fileRef = 984245BE28B503E4006C394B /* mobileTestUITests.swift */; };
		984245C128B503E4006C394B /* mobileTestUITestsLaunchTests.swift in Sources */ = {isa = PBXBuildFile; fileRef = 984245C028B503E4006C394B /* mobileTestUITestsLaunchTests.swift */; };
		984245CE28B50598006C394B /* HomeViewController.swift in Sources */ = {isa = PBXBuildFile; fileRef = 984245CD28B50598006C394B /* HomeViewController.swift */; };
		9851D51428BAD0E500B5E308 /* UIView+Extends.swift in Sources */ = {isa = PBXBuildFile; fileRef = 9851D51328BAD0E500B5E308 /* UIView+Extends.swift */; };
		985A248D28B98BAE0002DC50 /* DetailView.swift in Sources */ = {isa = PBXBuildFile; fileRef = 985A248C28B98BAE0002DC50 /* DetailView.swift */; };
		9864CE7328B900960065929D /* CutomCellViewModel.swift in Sources */ = {isa = PBXBuildFile; fileRef = 9864CE7228B900960065929D /* CutomCellViewModel.swift */; };
		9864CE7528B904E40065929D /* CustomCellModel.swift in Sources */ = {isa = PBXBuildFile; fileRef = 9864CE7428B904E40065929D /* CustomCellModel.swift */; };
		9864CE7728B9411B0065929D /* Link.swift in Sources */ = {isa = PBXBuildFile; fileRef = 9864CE7628B9411B0065929D /* Link.swift */; };
		9864CE7928B942BB0065929D /* ApiService.swift in Sources */ = {isa = PBXBuildFile; fileRef = 9864CE7828B942BB0065929D /* ApiService.swift */; };
		988AE12C28B6BBF600F65151 /* DetailViewController.swift in Sources */ = {isa = PBXBuildFile; fileRef = 988AE12B28B6BBF600F65151 /* DetailViewController.swift */; };
		988C739228B7EC1E005714B0 /* offers in Resources */ = {isa = PBXBuildFile; fileRef = 988C739128B7EC1E005714B0 /* offers */; };
		988C739428B8050A005714B0 /* lead-3 in Resources */ = {isa = PBXBuildFile; fileRef = 988C739328B8050A005714B0 /* lead-3 */; };
		988C739628B80B06005714B0 /* Detail.swift in Sources */ = {isa = PBXBuildFile; fileRef = 988C739528B80B06005714B0 /* Detail.swift */; };
		988C739828B80C52005714B0 /* offer-3 in Resources */ = {isa = PBXBuildFile; fileRef = 988C739728B80C52005714B0 /* offer-3 */; };
		988C739A28B80DAA005714B0 /* leads in Resources */ = {isa = PBXBuildFile; fileRef = 988C739928B80DAA005714B0 /* leads */; };
		988C739C28B80E6F005714B0 /* Offers.swift in Sources */ = {isa = PBXBuildFile; fileRef = 988C739B28B80E6F005714B0 /* Offers.swift */; };
		988C739E28B80FDC005714B0 /* Leads.swift in Sources */ = {isa = PBXBuildFile; fileRef = 988C739D28B80FDC005714B0 /* Leads.swift */; };
		988C73A128B83549005714B0 /* URLSession+Extends.swift in Sources */ = {isa = PBXBuildFile; fileRef = 988C73A028B83549005714B0 /* URLSession+Extends.swift */; };
		988C73A428B835E6005714B0 /* HomeView.swift in Sources */ = {isa = PBXBuildFile; fileRef = 988C73A328B835E6005714B0 /* HomeView.swift */; };
		98C22BB128B66B9E00665341 /* Constants.swift in Sources */ = {isa = PBXBuildFile; fileRef = 98C22BB028B66B9E00665341 /* Constants.swift */; };
		98DC4C6128B5191000840342 /* Rubik-VariableFont_wght.ttf in Resources */ = {isa = PBXBuildFile; fileRef = 98DC4C6028B5191000840342 /* Rubik-VariableFont_wght.ttf */; };
		98DC4C6328B5199D00840342 /* Rubik-Italic-VariableFont_wght.ttf in Resources */ = {isa = PBXBuildFile; fileRef = 98DC4C6228B5199D00840342 /* Rubik-Italic-VariableFont_wght.ttf */; };
		98DC4C6528B5976A00840342 /* CustomTableViewCell.swift in Sources */ = {isa = PBXBuildFile; fileRef = 98DC4C6428B5976A00840342 /* CustomTableViewCell.swift */; };
		98E7BED828BBEA4100662DC1 /* Service.swift in Sources */ = {isa = PBXBuildFile; fileRef = 98E7BED728BBEA4100662DC1 /* Service.swift */; };
		98E7BEDA28BC368D00662DC1 /* DetailViewModel.swift in Sources */ = {isa = PBXBuildFile; fileRef = 98E7BED928BC368D00662DC1 /* DetailViewModel.swift */; };
		98EEDDBF28B7BA5100ED72AF /* HomeViewModel.swift in Sources */ = {isa = PBXBuildFile; fileRef = 98EEDDBE28B7BA5100ED72AF /* HomeViewModel.swift */; };
/* End PBXBuildFile section */

/* Begin PBXContainerItemProxy section */
		984245B128B503E4006C394B /* PBXContainerItemProxy */ = {
			isa = PBXContainerItemProxy;
			containerPortal = 9842459228B503E1006C394B /* Project object */;
			proxyType = 1;
			remoteGlobalIDString = 9842459928B503E1006C394B;
			remoteInfo = mobileTest;
		};
		984245BB28B503E4006C394B /* PBXContainerItemProxy */ = {
			isa = PBXContainerItemProxy;
			containerPortal = 9842459228B503E1006C394B /* Project object */;
			proxyType = 1;
			remoteGlobalIDString = 9842459928B503E1006C394B;
			remoteInfo = mobileTest;
		};
/* End PBXContainerItemProxy section */

/* Begin PBXFileReference section */
		9842459A28B503E1006C394B /* mobileTest.app */ = {isa = PBXFileReference; explicitFileType = wrapper.application; includeInIndex = 0; path = mobileTest.app; sourceTree = BUILT_PRODUCTS_DIR; };
		9842459D28B503E1006C394B /* AppDelegate.swift */ = {isa = PBXFileReference; lastKnownFileType = sourcecode.swift; path = AppDelegate.swift; sourceTree = "<group>"; };
		9842459F28B503E1006C394B /* SceneDelegate.swift */ = {isa = PBXFileReference; lastKnownFileType = sourcecode.swift; path = SceneDelegate.swift; sourceTree = "<group>"; };
		984245A628B503E4006C394B /* Assets.xcassets */ = {isa = PBXFileReference; lastKnownFileType = folder.assetcatalog; path = Assets.xcassets; sourceTree = "<group>"; };
		984245A928B503E4006C394B /* Base */ = {isa = PBXFileReference; lastKnownFileType = file.storyboard; name = Base; path = Base.lproj/LaunchScreen.storyboard; sourceTree = "<group>"; };
		984245AB28B503E4006C394B /* Info.plist */ = {isa = PBXFileReference; lastKnownFileType = text.plist.xml; path = Info.plist; sourceTree = "<group>"; };
		984245B028B503E4006C394B /* mobileTestTests.xctest */ = {isa = PBXFileReference; explicitFileType = wrapper.cfbundle; includeInIndex = 0; path = mobileTestTests.xctest; sourceTree = BUILT_PRODUCTS_DIR; };
		984245B428B503E4006C394B /* mobileTestTests.swift */ = {isa = PBXFileReference; lastKnownFileType = sourcecode.swift; path = mobileTestTests.swift; sourceTree = "<group>"; };
		984245BA28B503E4006C394B /* mobileTestUITests.xctest */ = {isa = PBXFileReference; explicitFileType = wrapper.cfbundle; includeInIndex = 0; path = mobileTestUITests.xctest; sourceTree = BUILT_PRODUCTS_DIR; };
		984245BE28B503E4006C394B /* mobileTestUITests.swift */ = {isa = PBXFileReference; lastKnownFileType = sourcecode.swift; path = mobileTestUITests.swift; sourceTree = "<group>"; };
		984245C028B503E4006C394B /* mobileTestUITestsLaunchTests.swift */ = {isa = PBXFileReference; lastKnownFileType = sourcecode.swift; path = mobileTestUITestsLaunchTests.swift; sourceTree = "<group>"; };
		984245CD28B50598006C394B /* HomeViewController.swift */ = {isa = PBXFileReference; lastKnownFileType = sourcecode.swift; path = HomeViewController.swift; sourceTree = "<group>"; };
		9851D51328BAD0E500B5E308 /* UIView+Extends.swift */ = {isa = PBXFileReference; lastKnownFileType = sourcecode.swift; path = "UIView+Extends.swift"; sourceTree = "<group>"; };
		985A248C28B98BAE0002DC50 /* DetailView.swift */ = {isa = PBXFileReference; lastKnownFileType = sourcecode.swift; path = DetailView.swift; sourceTree = "<group>"; };
		9864CE7228B900960065929D /* CutomCellViewModel.swift */ = {isa = PBXFileReference; lastKnownFileType = sourcecode.swift; path = CutomCellViewModel.swift; sourceTree = "<group>"; };
		9864CE7428B904E40065929D /* CustomCellModel.swift */ = {isa = PBXFileReference; lastKnownFileType = sourcecode.swift; path = CustomCellModel.swift; sourceTree = "<group>"; };
		9864CE7628B9411B0065929D /* Link.swift */ = {isa = PBXFileReference; lastKnownFileType = sourcecode.swift; path = Link.swift; sourceTree = "<group>"; };
		9864CE7828B942BB0065929D /* ApiService.swift */ = {isa = PBXFileReference; lastKnownFileType = sourcecode.swift; path = ApiService.swift; sourceTree = "<group>"; };
		988AE12B28B6BBF600F65151 /* DetailViewController.swift */ = {isa = PBXFileReference; lastKnownFileType = sourcecode.swift; path = DetailViewController.swift; sourceTree = "<group>"; };
		988C739128B7EC1E005714B0 /* offers */ = {isa = PBXFileReference; fileEncoding = 4; lastKnownFileType = text; path = offers; sourceTree = "<group>"; };
		988C739328B8050A005714B0 /* lead-3 */ = {isa = PBXFileReference; fileEncoding = 4; lastKnownFileType = text; path = "lead-3"; sourceTree = "<group>"; };
		988C739528B80B06005714B0 /* Detail.swift */ = {isa = PBXFileReference; lastKnownFileType = sourcecode.swift; path = Detail.swift; sourceTree = "<group>"; };
		988C739728B80C52005714B0 /* offer-3 */ = {isa = PBXFileReference; fileEncoding = 4; lastKnownFileType = text; path = "offer-3"; sourceTree = "<group>"; };
		988C739928B80DAA005714B0 /* leads */ = {isa = PBXFileReference; fileEncoding = 4; lastKnownFileType = text; path = leads; sourceTree = "<group>"; };
		988C739B28B80E6F005714B0 /* Offers.swift */ = {isa = PBXFileReference; lastKnownFileType = sourcecode.swift; path = Offers.swift; sourceTree = "<group>"; };
		988C739D28B80FDC005714B0 /* Leads.swift */ = {isa = PBXFileReference; lastKnownFileType = sourcecode.swift; path = Leads.swift; sourceTree = "<group>"; };
		988C73A028B83549005714B0 /* URLSession+Extends.swift */ = {isa = PBXFileReference; lastKnownFileType = sourcecode.swift; path = "URLSession+Extends.swift"; sourceTree = "<group>"; };
		988C73A328B835E6005714B0 /* HomeView.swift */ = {isa = PBXFileReference; lastKnownFileType = sourcecode.swift; path = HomeView.swift; sourceTree = "<group>"; };
		98C22BB028B66B9E00665341 /* Constants.swift */ = {isa = PBXFileReference; lastKnownFileType = sourcecode.swift; path = Constants.swift; sourceTree = "<group>"; };
		98DC4C6028B5191000840342 /* Rubik-VariableFont_wght.ttf */ = {isa = PBXFileReference; lastKnownFileType = file; path = "Rubik-VariableFont_wght.ttf"; sourceTree = "<group>"; };
		98DC4C6228B5199D00840342 /* Rubik-Italic-VariableFont_wght.ttf */ = {isa = PBXFileReference; lastKnownFileType = file; path = "Rubik-Italic-VariableFont_wght.ttf"; sourceTree = "<group>"; };
		98DC4C6428B5976A00840342 /* CustomTableViewCell.swift */ = {isa = PBXFileReference; lastKnownFileType = sourcecode.swift; path = CustomTableViewCell.swift; sourceTree = "<group>"; };
		98E7BED728BBEA4100662DC1 /* Service.swift */ = {isa = PBXFileReference; lastKnownFileType = sourcecode.swift; path = Service.swift; sourceTree = "<group>"; };
		98E7BED928BC368D00662DC1 /* DetailViewModel.swift */ = {isa = PBXFileReference; lastKnownFileType = sourcecode.swift; path = DetailViewModel.swift; sourceTree = "<group>"; };
		98EEDDBE28B7BA5100ED72AF /* HomeViewModel.swift */ = {isa = PBXFileReference; lastKnownFileType = sourcecode.swift; path = HomeViewModel.swift; sourceTree = "<group>"; };
/* End PBXFileReference section */

/* Begin PBXFrameworksBuildPhase section */
		9842459728B503E1006C394B /* Frameworks */ = {
			isa = PBXFrameworksBuildPhase;
			buildActionMask = 2147483647;
			files = (
			);
			runOnlyForDeploymentPostprocessing = 0;
		};
		984245AD28B503E4006C394B /* Frameworks */ = {
			isa = PBXFrameworksBuildPhase;
			buildActionMask = 2147483647;
			files = (
			);
			runOnlyForDeploymentPostprocessing = 0;
		};
		984245B728B503E4006C394B /* Frameworks */ = {
			isa = PBXFrameworksBuildPhase;
			buildActionMask = 2147483647;
			files = (
			);
			runOnlyForDeploymentPostprocessing = 0;
		};
/* End PBXFrameworksBuildPhase section */

/* Begin PBXGroup section */
		9842459128B503E1006C394B = {
			isa = PBXGroup;
			children = (
				9842459C28B503E1006C394B /* mobileTest */,
				984245B328B503E4006C394B /* mobileTestTests */,
				984245BD28B503E4006C394B /* mobileTestUITests */,
				9842459B28B503E1006C394B /* Products */,
			);
			sourceTree = "<group>";
		};
		9842459B28B503E1006C394B /* Products */ = {
			isa = PBXGroup;
			children = (
				9842459A28B503E1006C394B /* mobileTest.app */,
				984245B028B503E4006C394B /* mobileTestTests.xctest */,
				984245BA28B503E4006C394B /* mobileTestUITests.xctest */,
			);
			name = Products;
			sourceTree = "<group>";
		};
		9842459C28B503E1006C394B /* mobileTest */ = {
			isa = PBXGroup;
			children = (
				98E7BED628BBEA3000662DC1 /* Service */,
				984245AB28B503E4006C394B /* Info.plist */,
				98EEDDBD28B7B59900ED72AF /* Info */,
				98EEDDBC28B7B33E00ED72AF /* View */,
				98EEDDBB28B7B33400ED72AF /* ViewModel */,
				98EEDDB628B7AB9600ED72AF /* Model */,
				98C22BAF28B66B8900665341 /* Constants */,
				98DC4C5D28B518CE00840342 /* fonts */,
				988C73A028B83549005714B0 /* URLSession+Extends.swift */,
			);
			path = mobileTest;
			sourceTree = "<group>";
		};
		984245B328B503E4006C394B /* mobileTestTests */ = {
			isa = PBXGroup;
			children = (
				984245B428B503E4006C394B /* mobileTestTests.swift */,
			);
			path = mobileTestTests;
			sourceTree = "<group>";
		};
		984245BD28B503E4006C394B /* mobileTestUITests */ = {
			isa = PBXGroup;
			children = (
				984245BE28B503E4006C394B /* mobileTestUITests.swift */,
				984245C028B503E4006C394B /* mobileTestUITestsLaunchTests.swift */,
				988C739128B7EC1E005714B0 /* offers */,
				988C739328B8050A005714B0 /* lead-3 */,
				988C739728B80C52005714B0 /* offer-3 */,
				988C739928B80DAA005714B0 /* leads */,
			);
			path = mobileTestUITests;
			sourceTree = "<group>";
		};
		988C73A228B835CF005714B0 /* Screens */ = {
			isa = PBXGroup;
			children = (
				988C73A328B835E6005714B0 /* HomeView.swift */,
				985A248C28B98BAE0002DC50 /* DetailView.swift */,
			);
			path = Screens;
			sourceTree = "<group>";
		};
		98C22BAF28B66B8900665341 /* Constants */ = {
			isa = PBXGroup;
			children = (
				98C22BB028B66B9E00665341 /* Constants.swift */,
			);
			path = Constants;
			sourceTree = "<group>";
		};
		98DC4C5D28B518CE00840342 /* fonts */ = {
			isa = PBXGroup;
			children = (
				98DC4C6228B5199D00840342 /* Rubik-Italic-VariableFont_wght.ttf */,
				98DC4C6028B5191000840342 /* Rubik-VariableFont_wght.ttf */,
				9851D51328BAD0E500B5E308 /* UIView+Extends.swift */,
			);
			path = fonts;
			sourceTree = "<group>";
		};
		98E7BED628BBEA3000662DC1 /* Service */ = {
			isa = PBXGroup;
			children = (
				9864CE7828B942BB0065929D /* ApiService.swift */,
				98E7BED728BBEA4100662DC1 /* Service.swift */,
			);
			path = Service;
			sourceTree = "<group>";
		};
		98EEDDB628B7AB9600ED72AF /* Model */ = {
			isa = PBXGroup;
			children = (
				988C739528B80B06005714B0 /* Detail.swift */,
				988C739B28B80E6F005714B0 /* Offers.swift */,
				988C739D28B80FDC005714B0 /* Leads.swift */,
				9864CE7428B904E40065929D /* CustomCellModel.swift */,
				9864CE7628B9411B0065929D /* Link.swift */,
			);
			path = Model;
			sourceTree = "<group>";
		};
		98EEDDBB28B7B33400ED72AF /* ViewModel */ = {
			isa = PBXGroup;
			children = (
				98EEDDBE28B7BA5100ED72AF /* HomeViewModel.swift */,
				9864CE7228B900960065929D /* CutomCellViewModel.swift */,
				98E7BED928BC368D00662DC1 /* DetailViewModel.swift */,
			);
			path = ViewModel;
			sourceTree = "<group>";
		};
		98EEDDBC28B7B33E00ED72AF /* View */ = {
			isa = PBXGroup;
			children = (
				988C73A228B835CF005714B0 /* Screens */,
				984245CD28B50598006C394B /* HomeViewController.swift */,
				988AE12B28B6BBF600F65151 /* DetailViewController.swift */,
				98DC4C6428B5976A00840342 /* CustomTableViewCell.swift */,
			);
			path = View;
			sourceTree = "<group>";
		};
		98EEDDBD28B7B59900ED72AF /* Info */ = {
			isa = PBXGroup;
			children = (
				984245A828B503E4006C394B /* LaunchScreen.storyboard */,
				984245A628B503E4006C394B /* Assets.xcassets */,
				9842459D28B503E1006C394B /* AppDelegate.swift */,
				9842459F28B503E1006C394B /* SceneDelegate.swift */,
			);
			path = Info;
			sourceTree = "<group>";
		};
/* End PBXGroup section */

/* Begin PBXNativeTarget section */
		9842459928B503E1006C394B /* mobileTest */ = {
			isa = PBXNativeTarget;
			buildConfigurationList = 984245C428B503E4006C394B /* Build configuration list for PBXNativeTarget "mobileTest" */;
			buildPhases = (
				9842459628B503E1006C394B /* Sources */,
				9842459728B503E1006C394B /* Frameworks */,
				9842459828B503E1006C394B /* Resources */,
			);
			buildRules = (
			);
			dependencies = (
			);
			name = mobileTest;
			productName = mobileTest;
			productReference = 9842459A28B503E1006C394B /* mobileTest.app */;
			productType = "com.apple.product-type.application";
		};
		984245AF28B503E4006C394B /* mobileTestTests */ = {
			isa = PBXNativeTarget;
			buildConfigurationList = 984245C728B503E4006C394B /* Build configuration list for PBXNativeTarget "mobileTestTests" */;
			buildPhases = (
				984245AC28B503E4006C394B /* Sources */,
				984245AD28B503E4006C394B /* Frameworks */,
				984245AE28B503E4006C394B /* Resources */,
			);
			buildRules = (
			);
			dependencies = (
				984245B228B503E4006C394B /* PBXTargetDependency */,
			);
			name = mobileTestTests;
			productName = mobileTestTests;
			productReference = 984245B028B503E4006C394B /* mobileTestTests.xctest */;
			productType = "com.apple.product-type.bundle.unit-test";
		};
		984245B928B503E4006C394B /* mobileTestUITests */ = {
			isa = PBXNativeTarget;
			buildConfigurationList = 984245CA28B503E4006C394B /* Build configuration list for PBXNativeTarget "mobileTestUITests" */;
			buildPhases = (
				984245B628B503E4006C394B /* Sources */,
				984245B728B503E4006C394B /* Frameworks */,
				984245B828B503E4006C394B /* Resources */,
			);
			buildRules = (
			);
			dependencies = (
				984245BC28B503E4006C394B /* PBXTargetDependency */,
			);
			name = mobileTestUITests;
			productName = mobileTestUITests;
			productReference = 984245BA28B503E4006C394B /* mobileTestUITests.xctest */;
			productType = "com.apple.product-type.bundle.ui-testing";
		};
/* End PBXNativeTarget section */

/* Begin PBXProject section */
		9842459228B503E1006C394B /* Project object */ = {
			isa = PBXProject;
			attributes = {
				BuildIndependentTargetsInParallel = 1;
				LastSwiftUpdateCheck = 1340;
				LastUpgradeCheck = 1340;
				TargetAttributes = {
					9842459928B503E1006C394B = {
						CreatedOnToolsVersion = 13.4.1;
					};
					984245AF28B503E4006C394B = {
						CreatedOnToolsVersion = 13.4.1;
						TestTargetID = 9842459928B503E1006C394B;
					};
					984245B928B503E4006C394B = {
						CreatedOnToolsVersion = 13.4.1;
						TestTargetID = 9842459928B503E1006C394B;
					};
				};
			};
			buildConfigurationList = 9842459528B503E1006C394B /* Build configuration list for PBXProject "mobileTest" */;
			compatibilityVersion = "Xcode 13.0";
			developmentRegion = en;
			hasScannedForEncodings = 0;
			knownRegions = (
				en,
				Base,
			);
			mainGroup = 9842459128B503E1006C394B;
			productRefGroup = 9842459B28B503E1006C394B /* Products */;
			projectDirPath = "";
			projectRoot = "";
			targets = (
				9842459928B503E1006C394B /* mobileTest */,
				984245AF28B503E4006C394B /* mobileTestTests */,
				984245B928B503E4006C394B /* mobileTestUITests */,
			);
		};
/* End PBXProject section */

/* Begin PBXResourcesBuildPhase section */
		9842459828B503E1006C394B /* Resources */ = {
			isa = PBXResourcesBuildPhase;
			buildActionMask = 2147483647;
			files = (
				98DC4C6128B5191000840342 /* Rubik-VariableFont_wght.ttf in Resources */,
				98DC4C6328B5199D00840342 /* Rubik-Italic-VariableFont_wght.ttf in Resources */,
				984245AA28B503E4006C394B /* LaunchScreen.storyboard in Resources */,
				984245A728B503E4006C394B /* Assets.xcassets in Resources */,
			);
			runOnlyForDeploymentPostprocessing = 0;
		};
		984245AE28B503E4006C394B /* Resources */ = {
			isa = PBXResourcesBuildPhase;
			buildActionMask = 2147483647;
			files = (
			);
			runOnlyForDeploymentPostprocessing = 0;
		};
		984245B828B503E4006C394B /* Resources */ = {
			isa = PBXResourcesBuildPhase;
			buildActionMask = 2147483647;
			files = (
				988C739828B80C52005714B0 /* offer-3 in Resources */,
				988C739428B8050A005714B0 /* lead-3 in Resources */,
				988C739A28B80DAA005714B0 /* leads in Resources */,
				988C739228B7EC1E005714B0 /* offers in Resources */,
			);
			runOnlyForDeploymentPostprocessing = 0;
		};
/* End PBXResourcesBuildPhase section */

/* Begin PBXSourcesBuildPhase section */
		9842459628B503E1006C394B /* Sources */ = {
			isa = PBXSourcesBuildPhase;
			buildActionMask = 2147483647;
			files = (
				9842459E28B503E1006C394B /* AppDelegate.swift in Sources */,
				988C73A428B835E6005714B0 /* HomeView.swift in Sources */,
				9851D51428BAD0E500B5E308 /* UIView+Extends.swift in Sources */,
				98E7BEDA28BC368D00662DC1 /* DetailViewModel.swift in Sources */,
				985A248D28B98BAE0002DC50 /* DetailView.swift in Sources */,
				9864CE7928B942BB0065929D /* ApiService.swift in Sources */,
				98EEDDBF28B7BA5100ED72AF /* HomeViewModel.swift in Sources */,
				9864CE7728B9411B0065929D /* Link.swift in Sources */,
				9864CE7528B904E40065929D /* CustomCellModel.swift in Sources */,
				988C739C28B80E6F005714B0 /* Offers.swift in Sources */,
				984245A028B503E1006C394B /* SceneDelegate.swift in Sources */,
				98E7BED828BBEA4100662DC1 /* Service.swift in Sources */,
				98DC4C6528B5976A00840342 /* CustomTableViewCell.swift in Sources */,
				988AE12C28B6BBF600F65151 /* DetailViewController.swift in Sources */,
				988C739E28B80FDC005714B0 /* Leads.swift in Sources */,
				988C73A128B83549005714B0 /* URLSession+Extends.swift in Sources */,
				98C22BB128B66B9E00665341 /* Constants.swift in Sources */,
				984245CE28B50598006C394B /* HomeViewController.swift in Sources */,
				988C739628B80B06005714B0 /* Detail.swift in Sources */,
				9864CE7328B900960065929D /* CutomCellViewModel.swift in Sources */,
			);
			runOnlyForDeploymentPostprocessing = 0;
		};
		984245AC28B503E4006C394B /* Sources */ = {
			isa = PBXSourcesBuildPhase;
			buildActionMask = 2147483647;
			files = (
				984245B528B503E4006C394B /* mobileTestTests.swift in Sources */,
			);
			runOnlyForDeploymentPostprocessing = 0;
		};
		984245B628B503E4006C394B /* Sources */ = {
			isa = PBXSourcesBuildPhase;
			buildActionMask = 2147483647;
			files = (
				984245C128B503E4006C394B /* mobileTestUITestsLaunchTests.swift in Sources */,
				984245BF28B503E4006C394B /* mobileTestUITests.swift in Sources */,
			);
			runOnlyForDeploymentPostprocessing = 0;
		};
/* End PBXSourcesBuildPhase section */

/* Begin PBXTargetDependency section */
		984245B228B503E4006C394B /* PBXTargetDependency */ = {
			isa = PBXTargetDependency;
			target = 9842459928B503E1006C394B /* mobileTest */;
			targetProxy = 984245B128B503E4006C394B /* PBXContainerItemProxy */;
		};
		984245BC28B503E4006C394B /* PBXTargetDependency */ = {
			isa = PBXTargetDependency;
			target = 9842459928B503E1006C394B /* mobileTest */;
			targetProxy = 984245BB28B503E4006C394B /* PBXContainerItemProxy */;
		};
/* End PBXTargetDependency section */

/* Begin PBXVariantGroup section */
		984245A828B503E4006C394B /* LaunchScreen.storyboard */ = {
			isa = PBXVariantGroup;
			children = (
				984245A928B503E4006C394B /* Base */,
			);
			name = LaunchScreen.storyboard;
			sourceTree = "<group>";
		};
/* End PBXVariantGroup section */

/* Begin XCBuildConfiguration section */
		984245C228B503E4006C394B /* Debug */ = {
			isa = XCBuildConfiguration;
			buildSettings = {
				ALWAYS_SEARCH_USER_PATHS = NO;
				CLANG_ANALYZER_NONNULL = YES;
				CLANG_ANALYZER_NUMBER_OBJECT_CONVERSION = YES_AGGRESSIVE;
				CLANG_CXX_LANGUAGE_STANDARD = "gnu++17";
				CLANG_ENABLE_MODULES = YES;
				CLANG_ENABLE_OBJC_ARC = YES;
				CLANG_ENABLE_OBJC_WEAK = YES;
				CLANG_WARN_BLOCK_CAPTURE_AUTORELEASING = YES;
				CLANG_WARN_BOOL_CONVERSION = YES;
				CLANG_WARN_COMMA = YES;
				CLANG_WARN_CONSTANT_CONVERSION = YES;
				CLANG_WARN_DEPRECATED_OBJC_IMPLEMENTATIONS = YES;
				CLANG_WARN_DIRECT_OBJC_ISA_USAGE = YES_ERROR;
				CLANG_WARN_DOCUMENTATION_COMMENTS = YES;
				CLANG_WARN_EMPTY_BODY = YES;
				CLANG_WARN_ENUM_CONVERSION = YES;
				CLANG_WARN_INFINITE_RECURSION = YES;
				CLANG_WARN_INT_CONVERSION = YES;
				CLANG_WARN_NON_LITERAL_NULL_CONVERSION = YES;
				CLANG_WARN_OBJC_IMPLICIT_RETAIN_SELF = YES;
				CLANG_WARN_OBJC_LITERAL_CONVERSION = YES;
				CLANG_WARN_OBJC_ROOT_CLASS = YES_ERROR;
				CLANG_WARN_QUOTED_INCLUDE_IN_FRAMEWORK_HEADER = YES;
				CLANG_WARN_RANGE_LOOP_ANALYSIS = YES;
				CLANG_WARN_STRICT_PROTOTYPES = YES;
				CLANG_WARN_SUSPICIOUS_MOVE = YES;
				CLANG_WARN_UNGUARDED_AVAILABILITY = YES_AGGRESSIVE;
				CLANG_WARN_UNREACHABLE_CODE = YES;
				CLANG_WARN__DUPLICATE_METHOD_MATCH = YES;
				COPY_PHASE_STRIP = NO;
				DEBUG_INFORMATION_FORMAT = dwarf;
				ENABLE_STRICT_OBJC_MSGSEND = YES;
				ENABLE_TESTABILITY = YES;
				GCC_C_LANGUAGE_STANDARD = gnu11;
				GCC_DYNAMIC_NO_PIC = NO;
				GCC_NO_COMMON_BLOCKS = YES;
				GCC_OPTIMIZATION_LEVEL = 0;
				GCC_PREPROCESSOR_DEFINITIONS = (
					"DEBUG=1",
					"$(inherited)",
				);
				GCC_WARN_64_TO_32_BIT_CONVERSION = YES;
				GCC_WARN_ABOUT_RETURN_TYPE = YES_ERROR;
				GCC_WARN_UNDECLARED_SELECTOR = YES;
				GCC_WARN_UNINITIALIZED_AUTOS = YES_AGGRESSIVE;
				GCC_WARN_UNUSED_FUNCTION = YES;
				GCC_WARN_UNUSED_VARIABLE = YES;
				IPHONEOS_DEPLOYMENT_TARGET = 15.5;
				MTL_ENABLE_DEBUG_INFO = INCLUDE_SOURCE;
				MTL_FAST_MATH = YES;
				ONLY_ACTIVE_ARCH = YES;
				SDKROOT = iphoneos;
				SWIFT_ACTIVE_COMPILATION_CONDITIONS = DEBUG;
				SWIFT_OPTIMIZATION_LEVEL = "-Onone";
			};
			name = Debug;
		};
		984245C328B503E4006C394B /* Release */ = {
			isa = XCBuildConfiguration;
			buildSettings = {
				ALWAYS_SEARCH_USER_PATHS = NO;
				CLANG_ANALYZER_NONNULL = YES;
				CLANG_ANALYZER_NUMBER_OBJECT_CONVERSION = YES_AGGRESSIVE;
				CLANG_CXX_LANGUAGE_STANDARD = "gnu++17";
				CLANG_ENABLE_MODULES = YES;
				CLANG_ENABLE_OBJC_ARC = YES;
				CLANG_ENABLE_OBJC_WEAK = YES;
				CLANG_WARN_BLOCK_CAPTURE_AUTORELEASING = YES;
				CLANG_WARN_BOOL_CONVERSION = YES;
				CLANG_WARN_COMMA = YES;
				CLANG_WARN_CONSTANT_CONVERSION = YES;
				CLANG_WARN_DEPRECATED_OBJC_IMPLEMENTATIONS = YES;
				CLANG_WARN_DIRECT_OBJC_ISA_USAGE = YES_ERROR;
				CLANG_WARN_DOCUMENTATION_COMMENTS = YES;
				CLANG_WARN_EMPTY_BODY = YES;
				CLANG_WARN_ENUM_CONVERSION = YES;
				CLANG_WARN_INFINITE_RECURSION = YES;
				CLANG_WARN_INT_CONVERSION = YES;
				CLANG_WARN_NON_LITERAL_NULL_CONVERSION = YES;
				CLANG_WARN_OBJC_IMPLICIT_RETAIN_SELF = YES;
				CLANG_WARN_OBJC_LITERAL_CONVERSION = YES;
				CLANG_WARN_OBJC_ROOT_CLASS = YES_ERROR;
				CLANG_WARN_QUOTED_INCLUDE_IN_FRAMEWORK_HEADER = YES;
				CLANG_WARN_RANGE_LOOP_ANALYSIS = YES;
				CLANG_WARN_STRICT_PROTOTYPES = YES;
				CLANG_WARN_SUSPICIOUS_MOVE = YES;
				CLANG_WARN_UNGUARDED_AVAILABILITY = YES_AGGRESSIVE;
				CLANG_WARN_UNREACHABLE_CODE = YES;
				CLANG_WARN__DUPLICATE_METHOD_MATCH = YES;
				COPY_PHASE_STRIP = NO;
				DEBUG_INFORMATION_FORMAT = "dwarf-with-dsym";
				ENABLE_NS_ASSERTIONS = NO;
				ENABLE_STRICT_OBJC_MSGSEND = YES;
				GCC_C_LANGUAGE_STANDARD = gnu11;
				GCC_NO_COMMON_BLOCKS = YES;
				GCC_WARN_64_TO_32_BIT_CONVERSION = YES;
				GCC_WARN_ABOUT_RETURN_TYPE = YES_ERROR;
				GCC_WARN_UNDECLARED_SELECTOR = YES;
				GCC_WARN_UNINITIALIZED_AUTOS = YES_AGGRESSIVE;
				GCC_WARN_UNUSED_FUNCTION = YES;
				GCC_WARN_UNUSED_VARIABLE = YES;
				IPHONEOS_DEPLOYMENT_TARGET = 15.5;
				MTL_ENABLE_DEBUG_INFO = NO;
				MTL_FAST_MATH = YES;
				SDKROOT = iphoneos;
				SWIFT_COMPILATION_MODE = wholemodule;
				SWIFT_OPTIMIZATION_LEVEL = "-O";
				VALIDATE_PRODUCT = YES;
			};
			name = Release;
		};
		984245C528B503E4006C394B /* Debug */ = {
			isa = XCBuildConfiguration;
			buildSettings = {
				ASSETCATALOG_COMPILER_APPICON_NAME = AppIcon;
				ASSETCATALOG_COMPILER_GLOBAL_ACCENT_COLOR_NAME = AccentColor;
				CODE_SIGN_STYLE = Automatic;
				CURRENT_PROJECT_VERSION = 1;
				DEVELOPMENT_TEAM = "";
				GENERATE_INFOPLIST_FILE = YES;
				INFOPLIST_FILE = mobileTest/Info.plist;
				INFOPLIST_KEY_LSApplicationCategoryType = "";
				INFOPLIST_KEY_UIApplicationSupportsIndirectInputEvents = YES;
				INFOPLIST_KEY_UILaunchStoryboardName = LaunchScreen;
				INFOPLIST_KEY_UISupportedInterfaceOrientations_iPad = "UIInterfaceOrientationPortrait UIInterfaceOrientationPortraitUpsideDown UIInterfaceOrientationLandscapeLeft UIInterfaceOrientationLandscapeRight";
				INFOPLIST_KEY_UISupportedInterfaceOrientations_iPhone = "UIInterfaceOrientationPortrait UIInterfaceOrientationLandscapeLeft UIInterfaceOrientationLandscapeRight";
				LD_RUNPATH_SEARCH_PATHS = (
					"$(inherited)",
					"@executable_path/Frameworks",
				);
				MARKETING_VERSION = 1.0;
				PRODUCT_BUNDLE_IDENTIFIER = com.sillas.mobileTestPortifolio;
				PRODUCT_NAME = "$(TARGET_NAME)";
				SWIFT_EMIT_LOC_STRINGS = YES;
				SWIFT_VERSION = 5.0;
				TARGETED_DEVICE_FAMILY = "1,2";
			};
			name = Debug;
		};
		984245C628B503E4006C394B /* Release */ = {
			isa = XCBuildConfiguration;
			buildSettings = {
				ASSETCATALOG_COMPILER_APPICON_NAME = AppIcon;
				ASSETCATALOG_COMPILER_GLOBAL_ACCENT_COLOR_NAME = AccentColor;
				CODE_SIGN_STYLE = Automatic;
				CURRENT_PROJECT_VERSION = 1;
				DEVELOPMENT_TEAM = "";
				GENERATE_INFOPLIST_FILE = YES;
				INFOPLIST_FILE = mobileTest/Info.plist;
				INFOPLIST_KEY_LSApplicationCategoryType = "";
				INFOPLIST_KEY_UIApplicationSupportsIndirectInputEvents = YES;
				INFOPLIST_KEY_UILaunchStoryboardName = LaunchScreen;
				INFOPLIST_KEY_UISupportedInterfaceOrientations_iPad = "UIInterfaceOrientationPortrait UIInterfaceOrientationPortraitUpsideDown UIInterfaceOrientationLandscapeLeft UIInterfaceOrientationLandscapeRight";
				INFOPLIST_KEY_UISupportedInterfaceOrientations_iPhone = "UIInterfaceOrientationPortrait UIInterfaceOrientationLandscapeLeft UIInterfaceOrientationLandscapeRight";
				LD_RUNPATH_SEARCH_PATHS = (
					"$(inherited)",
					"@executable_path/Frameworks",
				);
				MARKETING_VERSION = 1.0;
				PRODUCT_BUNDLE_IDENTIFIER = com.sillas.mobileTestPortifolio;
				PRODUCT_NAME = "$(TARGET_NAME)";
				SWIFT_EMIT_LOC_STRINGS = YES;
				SWIFT_VERSION = 5.0;
				TARGETED_DEVICE_FAMILY = "1,2";
			};
			name = Release;
		};
		984245C828B503E4006C394B /* Debug */ = {
			isa = XCBuildConfiguration;
			buildSettings = {
				ALWAYS_EMBED_SWIFT_STANDARD_LIBRARIES = YES;
				BUNDLE_LOADER = "$(TEST_HOST)";
				CODE_SIGN_STYLE = Automatic;
				CURRENT_PROJECT_VERSION = 1;
				DEVELOPMENT_TEAM = 597F2F2R8L;
				GENERATE_INFOPLIST_FILE = YES;
				IPHONEOS_DEPLOYMENT_TARGET = 15.5;
				MARKETING_VERSION = 1.0;
				PRODUCT_BUNDLE_IDENTIFIER = com.sillas.mobileTestTests;
				PRODUCT_NAME = "$(TARGET_NAME)";
				SWIFT_EMIT_LOC_STRINGS = NO;
				SWIFT_VERSION = 5.0;
				TARGETED_DEVICE_FAMILY = "1,2";
				TEST_HOST = "$(BUILT_PRODUCTS_DIR)/mobileTest.app/mobileTest";
			};
			name = Debug;
		};
		984245C928B503E4006C394B /* Release */ = {
			isa = XCBuildConfiguration;
			buildSettings = {
				ALWAYS_EMBED_SWIFT_STANDARD_LIBRARIES = YES;
				BUNDLE_LOADER = "$(TEST_HOST)";
				CODE_SIGN_STYLE = Automatic;
				CURRENT_PROJECT_VERSION = 1;
				DEVELOPMENT_TEAM = 597F2F2R8L;
				GENERATE_INFOPLIST_FILE = YES;
				IPHONEOS_DEPLOYMENT_TARGET = 15.5;
				MARKETING_VERSION = 1.0;
				PRODUCT_BUNDLE_IDENTIFIER = com.sillas.mobileTestTests;
				PRODUCT_NAME = "$(TARGET_NAME)";
				SWIFT_EMIT_LOC_STRINGS = NO;
				SWIFT_VERSION = 5.0;
				TARGETED_DEVICE_FAMILY = "1,2";
				TEST_HOST = "$(BUILT_PRODUCTS_DIR)/mobileTest.app/mobileTest";
			};
			name = Release;
		};
		984245CB28B503E4006C394B /* Debug */ = {
			isa = XCBuildConfiguration;
			buildSettings = {
				ALWAYS_EMBED_SWIFT_STANDARD_LIBRARIES = YES;
				CODE_SIGN_STYLE = Automatic;
				CURRENT_PROJECT_VERSION = 1;
				DEVELOPMENT_TEAM = 597F2F2R8L;
				GENERATE_INFOPLIST_FILE = YES;
				MARKETING_VERSION = 1.0;
				PRODUCT_BUNDLE_IDENTIFIER = com.sillas.mobileTestUITests;
				PRODUCT_NAME = "$(TARGET_NAME)";
				SWIFT_EMIT_LOC_STRINGS = NO;
				SWIFT_VERSION = 5.0;
				TARGETED_DEVICE_FAMILY = "1,2";
				TEST_TARGET_NAME = mobileTest;
			};
			name = Debug;
		};
		984245CC28B503E4006C394B /* Release */ = {
			isa = XCBuildConfiguration;
			buildSettings = {
				ALWAYS_EMBED_SWIFT_STANDARD_LIBRARIES = YES;
				CODE_SIGN_STYLE = Automatic;
				CURRENT_PROJECT_VERSION = 1;
				DEVELOPMENT_TEAM = 597F2F2R8L;
				GENERATE_INFOPLIST_FILE = YES;
				MARKETING_VERSION = 1.0;
				PRODUCT_BUNDLE_IDENTIFIER = com.sillas.mobileTestUITests;
				PRODUCT_NAME = "$(TARGET_NAME)";
				SWIFT_EMIT_LOC_STRINGS = NO;
				SWIFT_VERSION = 5.0;
				TARGETED_DEVICE_FAMILY = "1,2";
				TEST_TARGET_NAME = mobileTest;
			};
			name = Release;
		};
/* End XCBuildConfiguration section */

/* Begin XCConfigurationList section */
		9842459528B503E1006C394B /* Build configuration list for PBXProject "mobileTest" */ = {
			isa = XCConfigurationList;
			buildConfigurations = (
				984245C228B503E4006C394B /* Debug */,
				984245C328B503E4006C394B /* Release */,
			);
			defaultConfigurationIsVisible = 0;
			defaultConfigurationName = Release;
		};
		984245C428B503E4006C394B /* Build configuration list for PBXNativeTarget "mobileTest" */ = {
			isa = XCConfigurationList;
			buildConfigurations = (
				984245C528B503E4006C394B /* Debug */,
				984245C628B503E4006C394B /* Release */,
			);
			defaultConfigurationIsVisible = 0;
			defaultConfigurationName = Release;
		};
		984245C728B503E4006C394B /* Build configuration list for PBXNativeTarget "mobileTestTests" */ = {
			isa = XCConfigurationList;
			buildConfigurations = (
				984245C828B503E4006C394B /* Debug */,
				984245C928B503E4006C394B /* Release */,
			);
			defaultConfigurationIsVisible = 0;
			defaultConfigurationName = Release;
		};
		984245CA28B503E4006C394B /* Build configuration list for PBXNativeTarget "mobileTestUITests" */ = {
			isa = XCConfigurationList;
			buildConfigurations = (
				984245CB28B503E4006C394B /* Debug */,
				984245CC28B503E4006C394B /* Release */,
			);
			defaultConfigurationIsVisible = 0;
			defaultConfigurationName = Release;
		};
/* End XCConfigurationList section */
	};
	rootObject = 9842459228B503E1006C394B /* Project object */;
}
